
Microsoft Visual Studio Solution File, Format Version 12.00
# Visual Studio Version 17
VisualStudioVersion = 17.5.33516.290
MinimumVisualStudioVersion = 10.0.40219.1
Project("{FAE04EC0-301F-11D3-BF4B-00C04F79EFBC}") = "WeekDay", "WeekDay\WeekDay.csproj", "{555B1702-EA79-4838-9AD1-E1CE04683F34}"
EndProject
Global
	GlobalSection(SolutionConfigurationPlatforms) = preSolution
		Debug|Any CPU = Debug|Any CPU
		Release|Any CPU = Release|Any CPU
	EndGlobalSection
	GlobalSection(ProjectConfigurationPlatforms) = postSolution
		{555B1702-EA79-4838-9AD1-E1CE04683F34}.Debug|Any CPU.ActiveCfg = Debug|Any CPU
		{555B1702-EA79-4838-9AD1-E1CE04683F34}.Debug|Any CPU.Build.0 = Debug|Any CPU
		{555B1702-EA79-4838-9AD1-E1CE04683F34}.Release|Any CPU.ActiveCfg = Release|Any CPU
		{555B1702-EA79-4838-9AD1-E1CE04683F34}.Release|Any CPU.Build.0 = Release|Any CPU
	EndGlobalSection
	GlobalSection(SolutionProperties) = preSolution
		HideSolutionNode = FALSE
	EndGlobalSection
	GlobalSection(ExtensibilityGlobals) = postSolution
		SolutionGuid = {5B26800D-AADF-4E17-91BC-F681B307C0FF}
	EndGlobalSection
EndGlobal
